Microsoft Visual Studio Solution File, Format Version 12.00
# Visual Studio Version 17
VisualStudioVersion = 17.5.2.0
MinimumVisualStudioVersion = 10.0.40219.1
Project("{FAE04EC0-301F-11D3-BF4B-00C04F79EFBC}") = "quantumwrapper", "quantumwrapper\quantumwrapper.csproj", "{DBC2EF6E-13D0-429F-B61D-9A0ADB6E6FD4}"
EndProject
Global
	GlobalSection(SolutionConfigurationPlatforms) = preSolution
		Debug|Any CPU = Debug|Any CPU
		Release|Any CPU = Release|Any CPU
	EndGlobalSection
	GlobalSection(ProjectConfigurationPlatforms) = postSolution
		{DBC2EF6E-13D0-429F-B61D-9A0ADB6E6FD4}.Debug|Any CPU.ActiveCfg = Debug|Any CPU
		{DBC2EF6E-13D0-429F-B61D-9A0ADB6E6FD4}.Debug|Any CPU.Build.0 = Debug|Any CPU
		{DBC2EF6E-13D0-429F-B61D-9A0ADB6E6FD4}.Release|Any CPU.ActiveCfg = Release|Any CPU
		{DBC2EF6E-13D0-429F-B61D-9A0ADB6E6FD4}.Release|Any CPU.Build.0 = Release|Any CPU
	EndGlobalSection
	GlobalSection(SolutionProperties) = preSolution
		HideSolutionNode = FALSE
	EndGlobalSection
	GlobalSection(ExtensibilityGlobals) = postSolution
		SolutionGuid = {5B590BB0-16E9-4792-9EC6-B1618401D5F4}
	EndGlobalSection
EndGlobal
